
Microsoft Visual Studio Solution File, Format Version 12.00
# Visual Studio 2012
Project("{8BC9CEB8-8B4A-11D0-8D11-00A0C91BC942}") = "DrawTests", "DrawTests.vcxproj", "{64E04466-7F8D-4CE0-B71B-491674155058}"
	ProjectSection(ProjectDependencies) = postProject
		{2B8C70B2-D259-4E54-BEF1-4EDEBB17308E} = {2B8C70B2-D259-4E54-BEF1-4EDEBB17308E}
	EndProjectSection
EndProject
Project("{8BC9CEB8-8B4A-11D0-8D11-00A0C91BC942}") = "gellib", "..\..\library\library.vcxproj", "{2B8C70B2-D259-4E54-BEF1-4EDEBB17308E}"
EndProject
Global
	GlobalSection(SolutionConfigurationPlatforms) = preSolution
		Debug|Win32 = Debug|Win32
		Release|Win32 = Release|Win32
	EndGlobalSection
	GlobalSection(ProjectConfigurationPlatforms) = postSolution
		{64E04466-7F8D-4CE0-B71B-491674155058}.Debug|Win32.ActiveCfg = Debug|Win32
		{64E04466-7F8D-4CE0-B71B-491674155058}.Debug|Win32.Build.0 = Debug|Win32
		{64E04466-7F8D-4CE0-B71B-491674155058}.Release|Win32.ActiveCfg = Release|Win32
		{64E04466-7F8D-4CE0-B71B-491674155058}.Release|Win32.Build.0 = Release|Win32
		{2B8C70B2-D259-4E54-BEF1-4EDEBB17308E}.Debug|Win32.ActiveCfg = Debug|Win32
		{2B8C70B2-D259-4E54-BEF1-4EDEBB17308E}.Debug|Win32.Build.0 = Debug|Win32
		{2B8C70B2-D259-4E54-BEF1-4EDEBB17308E}.Release|Win32.ActiveCfg = Release|Win32
		{2B8C70B2-D259-4E54-BEF1-4EDEBB17308E}.Release|Win32.Build.0 = Release|Win32
	EndGlobalSection
	GlobalSection(SolutionProperties) = preSolution
		HideSolutionNode = FALSE
	EndGlobalSection
EndGlobal
